
Microsoft Visual Studio Solution File, Format Version 12.00
# Visual Studio Version 17
VisualStudioVersion = 17.5.33424.131
MinimumVisualStudioVersion = 10.0.40219.1
Project("{8BC9CEB8-8B4A-11D0-8D11-00A0C91BC942}") = "qcm", "qcm\qcm.vcxproj", "{AA9E9B78-0149-4402-BB9C-C9F796FF6951}"
EndProject
Global
	GlobalSection(SolutionConfigurationPlatforms) = preSolution
		Debug|x64 = Debug|x64
		Debug|x86 = Debug|x86
		Release|x64 = Release|x64
		Release|x86 = Release|x86
	EndGlobalSection
	GlobalSection(ProjectConfigurationPlatforms) = postSolution
		{AA9E9B78-0149-4402-BB9C-C9F796FF6951}.Debug|x64.ActiveCfg = Debug|x64
		{AA9E9B78-0149-4402-BB9C-C9F796FF6951}.Debug|x64.Build.0 = Debug|x64
		{AA9E9B78-0149-4402-BB9C-C9F796FF6951}.Debug|x86.ActiveCfg = Debug|Win32
		{AA9E9B78-0149-4402-BB9C-C9F796FF6951}.Debug|x86.Build.0 = Debug|Win32
		{AA9E9B78-0149-4402-BB9C-C9F796FF6951}.Release|x64.ActiveCfg = Release|x64
		{AA9E9B78-0149-4402-BB9C-C9F796FF6951}.Release|x64.Build.0 = Release|x64
		{AA9E9B78-0149-4402-BB9C-C9F796FF6951}.Release|x86.ActiveCfg = Release|Win32
		{AA9E9B78-0149-4402-BB9C-C9F796FF6951}.Release|x86.Build.0 = Release|Win32
	EndGlobalSection
	GlobalSection(SolutionProperties) = preSolution
		HideSolutionNode = FALSE
	EndGlobalSection
	GlobalSection(ExtensibilityGlobals) = postSolution
		SolutionGuid = {7C033521-B68C-4C77-8668-EAAB2C672F9B}
	EndGlobalSection
EndGlobal
